
Microsoft Visual Studio Solution File, Format Version 12.00
# Visual Studio Version 17
VisualStudioVersion = 17.5.002.0
MinimumVisualStudioVersion = 10.0.40219.1
Project("{9A19103F-16F7-4668-BE54-9A1E7A4F7556}") = "BookStore", "BookStore.csproj", "{CC51E554-CCF5-4628-99C4-992FD5C759A4}"
EndProject
Global
	GlobalSection(SolutionConfigurationPlatforms) = preSolution
		Debug|Any CPU = Debug|Any CPU
		Release|Any CPU = Release|Any CPU
	EndGlobalSection
	GlobalSection(ProjectConfigurationPlatforms) = postSolution
		{CC51E554-CCF5-4628-99C4-992FD5C759A4}.Debug|Any CPU.ActiveCfg = Debug|Any CPU
		{CC51E554-CCF5-4628-99C4-992FD5C759A4}.Debug|Any CPU.Build.0 = Debug|Any CPU
		{CC51E554-CCF5-4628-99C4-992FD5C759A4}.Release|Any CPU.ActiveCfg = Release|Any CPU
		{CC51E554-CCF5-4628-99C4-992FD5C759A4}.Release|Any CPU.Build.0 = Release|Any CPU
	EndGlobalSection
	GlobalSection(SolutionProperties) = preSolution
		HideSolutionNode = FALSE
	EndGlobalSection
	GlobalSection(ExtensibilityGlobals) = postSolution
		SolutionGuid = {2695133F-EFE6-4E62-91C9-67D2FAB26C0C}
	EndGlobalSection
EndGlobal
